
Microsoft Visual Studio Solution File, Format Version 12.00
# Visual Studio Version 16
VisualStudioVersion = 16.0.29613.14
MinimumVisualStudioVersion = 10.0.40219.1
Project("{9A19103F-16F7-4668-BE54-9A1E7A4F7556}") = "EmmcHaccGen", "EmmcHaccGen\EmmcHaccGen.csproj", "{CD123C08-708E-4D24-9540-83B74C667970}"
EndProject
Global
	GlobalSection(SolutionConfigurationPlatforms) = preSolution
		Debug|Any CPU = Debug|Any CPU
		Release|Any CPU = Release|Any CPU
	EndGlobalSection
	GlobalSection(ProjectConfigurationPlatforms) = postSolution
		{CD123C08-708E-4D24-9540-83B74C667970}.Debug|Any CPU.ActiveCfg = Debug|Any CPU
		{CD123C08-708E-4D24-9540-83B74C667970}.Debug|Any CPU.Build.0 = Debug|Any CPU
		{CD123C08-708E-4D24-9540-83B74C667970}.Release|Any CPU.ActiveCfg = Release|Any CPU
		{CD123C08-708E-4D24-9540-83B74C667970}.Release|Any CPU.Build.0 = Release|Any CPU
	EndGlobalSection
	GlobalSection(SolutionProperties) = preSolution
		HideSolutionNode = FALSE
	EndGlobalSection
	GlobalSection(ExtensibilityGlobals) = postSolution
		SolutionGuid = {20B82539-82DB-42FA-B4BC-0279B90609F1}
	EndGlobalSection
EndGlobal
